Microsoft Visual Studio Solution File, Format Version 12.00
# Visual Studio 14
Project("{8BC9CEB8-8B4A-11D0-8D11-00A0C91BC942}") = "ALL_BUILD", "ALL_BUILD.vcxproj", "{B168A7B9-9970-39A4-858A-3FD125F8C1F9}"
	ProjectSection(ProjectDependencies) = postProject
		{3742F357-10FC-385B-AF93-3F708164CD7E} = {3742F357-10FC-385B-AF93-3F708164CD7E}
		{CF56CEBA-7652-3023-9F26-AFDA4298B7E1} = {CF56CEBA-7652-3023-9F26-AFDA4298B7E1}
	EndProjectSection
EndProject
Project("{8BC9CEB8-8B4A-11D0-8D11-00A0C91BC942}") = "Hoge", "src\Hoge.vcxproj", "{3742F357-10FC-385B-AF93-3F708164CD7E}"
	ProjectSection(ProjectDependencies) = postProject
		{CF56CEBA-7652-3023-9F26-AFDA4298B7E1} = {CF56CEBA-7652-3023-9F26-AFDA4298B7E1}
	EndProjectSection
EndProject
Project("{8BC9CEB8-8B4A-11D0-8D11-00A0C91BC942}") = "ZERO_CHECK", "ZERO_CHECK.vcxproj", "{CF56CEBA-7652-3023-9F26-AFDA4298B7E1}"
	ProjectSection(ProjectDependencies) = postProject
	EndProjectSection
EndProject
Global
	GlobalSection(SolutionConfigurationPlatforms) = preSolution
		Debug|Win32 = Debug|Win32
		Release|Win32 = Release|Win32
		MinSizeRel|Win32 = MinSizeRel|Win32
		RelWithDebInfo|Win32 = RelWithDebInfo|Win32
	EndGlobalSection
	GlobalSection(ProjectConfigurationPlatforms) = postSolution
		{B168A7B9-9970-39A4-858A-3FD125F8C1F9}.Debug|Win32.ActiveCfg = Debug|Win32
		{B168A7B9-9970-39A4-858A-3FD125F8C1F9}.Release|Win32.ActiveCfg = Release|Win32
		{B168A7B9-9970-39A4-858A-3FD125F8C1F9}.MinSizeRel|Win32.ActiveCfg = MinSizeRel|Win32
		{B168A7B9-9970-39A4-858A-3FD125F8C1F9}.RelWithDebInfo|Win32.ActiveCfg = RelWithDebInfo|Win32
		{3742F357-10FC-385B-AF93-3F708164CD7E}.Debug|Win32.ActiveCfg = Debug|Win32
		{3742F357-10FC-385B-AF93-3F708164CD7E}.Debug|Win32.Build.0 = Debug|Win32
		{3742F357-10FC-385B-AF93-3F708164CD7E}.Release|Win32.ActiveCfg = Release|Win32
		{3742F357-10FC-385B-AF93-3F708164CD7E}.Release|Win32.Build.0 = Release|Win32
		{3742F357-10FC-385B-AF93-3F708164CD7E}.MinSizeRel|Win32.ActiveCfg = MinSizeRel|Win32
		{3742F357-10FC-385B-AF93-3F708164CD7E}.MinSizeRel|Win32.Build.0 = MinSizeRel|Win32
		{3742F357-10FC-385B-AF93-3F708164CD7E}.RelWithDebInfo|Win32.ActiveCfg = RelWithDebInfo|Win32
		{3742F357-10FC-385B-AF93-3F708164CD7E}.RelWithDebInfo|Win32.Build.0 = RelWithDebInfo|Win32
		{CF56CEBA-7652-3023-9F26-AFDA4298B7E1}.Debug|Win32.ActiveCfg = Debug|Win32
		{CF56CEBA-7652-3023-9F26-AFDA4298B7E1}.Debug|Win32.Build.0 = Debug|Win32
		{CF56CEBA-7652-3023-9F26-AFDA4298B7E1}.Release|Win32.ActiveCfg = Release|Win32
		{CF56CEBA-7652-3023-9F26-AFDA4298B7E1}.Release|Win32.Build.0 = Release|Win32
		{CF56CEBA-7652-3023-9F26-AFDA4298B7E1}.MinSizeRel|Win32.ActiveCfg = MinSizeRel|Win32
		{CF56CEBA-7652-3023-9F26-AFDA4298B7E1}.MinSizeRel|Win32.Build.0 = MinSizeRel|Win32
		{CF56CEBA-7652-3023-9F26-AFDA4298B7E1}.RelWithDebInfo|Win32.ActiveCfg = RelWithDebInfo|Win32
		{CF56CEBA-7652-3023-9F26-AFDA4298B7E1}.RelWithDebInfo|Win32.Build.0 = RelWithDebInfo|Win32
	EndGlobalSection
	GlobalSection(ExtensibilityGlobals) = postSolution
	EndGlobalSection
	GlobalSection(ExtensibilityAddIns) = postSolution
	EndGlobalSection
EndGlobal
